// !$*UTF8*$!
{
	archiveVersion = 1;
	classes = {
	};
	objectVersion = 55;
	objects = {

/* Begin PBXBuildFile section */
		84BFBDCF28D0B71C001709F0 /* AppDelegate.swift in Sources */ = {isa = PBXBuildFile; fileRef = 84BFBDCE28D0B71C001709F0 /* AppDelegate.swift */; };
		84BFBDD128D0B71C001709F0 /* SceneDelegate.swift in Sources */ = {isa = PBXBuildFile; fileRef = 84BFBDD028D0B71C001709F0 /* SceneDelegate.swift */; };
		84BFBDD328D0B71C001709F0 /* MainViewController.swift in Sources */ = {isa = PBXBuildFile; fileRef = 84BFBDD228D0B71C001709F0 /* MainViewController.swift */; };
		84BFBDD628D0B71C001709F0 /* Main.storyboard in Resources */ = {isa = PBXBuildFile; fileRef = 84BFBDD428D0B71C001709F0 /* Main.storyboard */; };
		84BFBDD828D0B71E001709F0 /* Assets.xcassets in Resources */ = {isa = PBXBuildFile; fileRef = 84BFBDD728D0B71E001709F0 /* Assets.xcassets */; };
		84BFBDDB28D0B71E001709F0 /* LaunchScreen.storyboard in Resources */ = {isa = PBXBuildFile; fileRef = 84BFBDD928D0B71E001709F0 /* LaunchScreen.storyboard */; };
		84BFBDE728D0D2A4001709F0 /* MainTableViewCell.swift in Sources */ = {isa = PBXBuildFile; fileRef = 84BFBDE528D0D2A4001709F0 /* MainTableViewCell.swift */; };
		84BFBDE828D0D2A4001709F0 /* MainTableViewCell.xib in Resources */ = {isa = PBXBuildFile; fileRef = 84BFBDE628D0D2A4001709F0 /* MainTableViewCell.xib */; };
		84BFBDEB28D1066C001709F0 /* Datas.swift in Sources */ = {isa = PBXBuildFile; fileRef = 84BFBDEA28D1066C001709F0 /* Datas.swift */; };
		84BFBDED28D1067C001709F0 /* Sermons.swift in Sources */ = {isa = PBXBuildFile; fileRef = 84BFBDEC28D1067C001709F0 /* Sermons.swift */; };
		84BFBDEF28D10699001709F0 /* SermonManager.swift in Sources */ = {isa = PBXBuildFile; fileRef = 84BFBDEE28D10699001709F0 /* SermonManager.swift */; };
		84BFBDF128D110E7001709F0 /* MediaViewController.swift in Sources */ = {isa = PBXBuildFile; fileRef = 84BFBDF028D110E7001709F0 /* MediaViewController.swift */; };
		84BFBDF428D11337001709F0 /* MediaTableViewCell.swift in Sources */ = {isa = PBXBuildFile; fileRef = 84BFBDF228D11336001709F0 /* MediaTableViewCell.swift */; };
		84BFBDF528D11337001709F0 /* MediaTableViewCell.xib in Resources */ = {isa = PBXBuildFile; fileRef = 84BFBDF328D11336001709F0 /* MediaTableViewCell.xib */; };
/* End PBXBuildFile section */

/* Begin PBXFileReference section */
		84BFBDCB28D0B71C001709F0 /* SGBC_REMODEL.app */ = {isa = PBXFileReference; explicitFileType = wrapper.application; includeInIndex = 0; path = SGBC_REMODEL.app; sourceTree = BUILT_PRODUCTS_DIR; };
		84BFBDCE28D0B71C001709F0 /* AppDelegate.swift */ = {isa = PBXFileReference; lastKnownFileType = sourcecode.swift; path = AppDelegate.swift; sourceTree = "<group>"; };
		84BFBDD028D0B71C001709F0 /* SceneDelegate.swift */ = {isa = PBXFileReference; lastKnownFileType = sourcecode.swift; path = SceneDelegate.swift; sourceTree = "<group>"; };
		84BFBDD228D0B71C001709F0 /* MainViewController.swift */ = {isa = PBXFileReference; lastKnownFileType = sourcecode.swift; path = MainViewController.swift; sourceTree = "<group>"; };
		84BFBDD528D0B71C001709F0 /* Base */ = {isa = PBXFileReference; lastKnownFileType = file.storyboard; name = Base; path = Base.lproj/Main.storyboard; sourceTree = "<group>"; };
		84BFBDD728D0B71E001709F0 /* Assets.xcassets */ = {isa = PBXFileReference; lastKnownFileType = folder.assetcatalog; path = Assets.xcassets; sourceTree = "<group>"; };
		84BFBDDA28D0B71E001709F0 /* Base */ = {isa = PBXFileReference; lastKnownFileType = file.storyboard; name = Base; path = Base.lproj/LaunchScreen.storyboard; sourceTree = "<group>"; };
		84BFBDDC28D0B71E001709F0 /* Info.plist */ = {isa = PBXFileReference; lastKnownFileType = text.plist.xml; path = Info.plist; sourceTree = "<group>"; };
		84BFBDE528D0D2A4001709F0 /* MainTableViewCell.swift */ = {isa = PBXFileReference; lastKnownFileType = sourcecode.swift; path = MainTableViewCell.swift; sourceTree = "<group>"; };
		84BFBDE628D0D2A4001709F0 /* MainTableViewCell.xib */ = {isa = PBXFileReference; lastKnownFileType = file.xib; path = MainTableViewCell.xib; sourceTree = "<group>"; };
		84BFBDEA28D1066C001709F0 /* Datas.swift */ = {isa = PBXFileReference; lastKnownFileType = sourcecode.swift; path = Datas.swift; sourceTree = "<group>"; };
		84BFBDEC28D1067C001709F0 /* Sermons.swift */ = {isa = PBXFileReference; lastKnownFileType = sourcecode.swift; path = Sermons.swift; sourceTree = "<group>"; };
		84BFBDEE28D10699001709F0 /* SermonManager.swift */ = {isa = PBXFileReference; lastKnownFileType = sourcecode.swift; path = SermonManager.swift; sourceTree = "<group>"; };
		84BFBDF028D110E7001709F0 /* MediaViewController.swift */ = {isa = PBXFileReference; lastKnownFileType = sourcecode.swift; path = MediaViewController.swift; sourceTree = "<group>"; };
		84BFBDF228D11336001709F0 /* MediaTableViewCell.swift */ = {isa = PBXFileReference; lastKnownFileType = sourcecode.swift; path = MediaTableViewCell.swift; sourceTree = "<group>"; };
		84BFBDF328D11336001709F0 /* MediaTableViewCell.xib */ = {isa = PBXFileReference; lastKnownFileType = file.xib; path = MediaTableViewCell.xib; sourceTree = "<group>"; };
/* End PBXFileReference section */

/* Begin PBXFrameworksBuildPhase section */
		84BFBDC828D0B71C001709F0 /* Frameworks */ = {
			isa = PBXFrameworksBuildPhase;
			buildActionMask = 2147483647;
			files = (
			);
			runOnlyForDeploymentPostprocessing = 0;
		};
/* End PBXFrameworksBuildPhase section */

/* Begin PBXGroup section */
		84BFBDC228D0B71C001709F0 = {
			isa = PBXGroup;
			children = (
				84BFBDCD28D0B71C001709F0 /* SGBC_REMODEL */,
				84BFBDCC28D0B71C001709F0 /* Products */,
			);
			sourceTree = "<group>";
		};
		84BFBDCC28D0B71C001709F0 /* Products */ = {
			isa = PBXGroup;
			children = (
				84BFBDCB28D0B71C001709F0 /* SGBC_REMODEL.app */,
			);
			name = Products;
			sourceTree = "<group>";
		};
		84BFBDCD28D0B71C001709F0 /* SGBC_REMODEL */ = {
			isa = PBXGroup;
			children = (
				84BFBDE928D1063E001709F0 /* Datas */,
				84BFBDE428D0B737001709F0 /* Model */,
				84BFBDE328D0B730001709F0 /* View */,
				84BFBDE228D0B729001709F0 /* Controller */,
				84BFBDD728D0B71E001709F0 /* Assets.xcassets */,
				84BFBDD928D0B71E001709F0 /* LaunchScreen.storyboard */,
				84BFBDDC28D0B71E001709F0 /* Info.plist */,
			);
			path = SGBC_REMODEL;
			sourceTree = "<group>";
		};
		84BFBDE228D0B729001709F0 /* Controller */ = {
			isa = PBXGroup;
			children = (
				84BFBDD228D0B71C001709F0 /* MainViewController.swift */,
				84BFBDF028D110E7001709F0 /* MediaViewController.swift */,
			);
			path = Controller;
			sourceTree = "<group>";
		};
		84BFBDE328D0B730001709F0 /* View */ = {
			isa = PBXGroup;
			children = (
				84BFBDD428D0B71C001709F0 /* Main.storyboard */,
				84BFBDE528D0D2A4001709F0 /* MainTableViewCell.swift */,
				84BFBDE628D0D2A4001709F0 /* MainTableViewCell.xib */,
				84BFBDF228D11336001709F0 /* MediaTableViewCell.swift */,
				84BFBDF328D11336001709F0 /* MediaTableViewCell.xib */,
			);
			path = View;
			sourceTree = "<group>";
		};
		84BFBDE428D0B737001709F0 /* Model */ = {
			isa = PBXGroup;
			children = (
				84BFBDCE28D0B71C001709F0 /* AppDelegate.swift */,
				84BFBDD028D0B71C001709F0 /* SceneDelegate.swift */,
			);
			path = Model;
			sourceTree = "<group>";
		};
		84BFBDE928D1063E001709F0 /* Datas */ = {
			isa = PBXGroup;
			children = (
				84BFBDEA28D1066C001709F0 /* Datas.swift */,
				84BFBDEC28D1067C001709F0 /* Sermons.swift */,
				84BFBDEE28D10699001709F0 /* SermonManager.swift */,
			);
			path = Datas;
			sourceTree = "<group>";
		};
/* End PBXGroup section */

/* Begin PBXNativeTarget section */
		84BFBDCA28D0B71C001709F0 /* SGBC_REMODEL */ = {
			isa = PBXNativeTarget;
			buildConfigurationList = 84BFBDDF28D0B71E001709F0 /* Build configuration list for PBXNativeTarget "SGBC_REMODEL" */;
			buildPhases = (
				84BFBDC728D0B71C001709F0 /* Sources */,
				84BFBDC828D0B71C001709F0 /* Frameworks */,
				84BFBDC928D0B71C001709F0 /* Resources */,
			);
			buildRules = (
			);
			dependencies = (
			);
			name = SGBC_REMODEL;
			productName = SGBC_REMODEL;
			productReference = 84BFBDCB28D0B71C001709F0 /* SGBC_REMODEL.app */;
			productType = "com.apple.product-type.application";
		};
/* End PBXNativeTarget section */

/* Begin PBXProject section */
		84BFBDC328D0B71C001709F0 /* Project object */ = {
			isa = PBXProject;
			attributes = {
				BuildIndependentTargetsInParallel = 1;
				LastSwiftUpdateCheck = 1340;
				LastUpgradeCheck = 1340;
				TargetAttributes = {
					84BFBDCA28D0B71C001709F0 = {
						CreatedOnToolsVersion = 13.4.1;
					};
				};
			};
			buildConfigurationList = 84BFBDC628D0B71C001709F0 /* Build configuration list for PBXProject "SGBC_REMODEL" */;
			compatibilityVersion = "Xcode 13.0";
			developmentRegion = en;
			hasScannedForEncodings = 0;
			knownRegions = (
				en,
				Base,
			);
			mainGroup = 84BFBDC228D0B71C001709F0;
			productRefGroup = 84BFBDCC28D0B71C001709F0 /* Products */;
			projectDirPath = "";
			projectRoot = "";
			targets = (
				84BFBDCA28D0B71C001709F0 /* SGBC_REMODEL */,
			);
		};
/* End PBXProject section */

/* Begin PBXResourcesBuildPhase section */
		84BFBDC928D0B71C001709F0 /* Resources */ = {
			isa = PBXResourcesBuildPhase;
			buildActionMask = 2147483647;
			files = (
				84BFBDDB28D0B71E001709F0 /* LaunchScreen.storyboard in Resources */,
				84BFBDD828D0B71E001709F0 /* Assets.xcassets in Resources */,
				84BFBDE828D0D2A4001709F0 /* MainTableViewCell.xib in Resources */,
				84BFBDF528D11337001709F0 /* MediaTableViewCell.xib in Resources */,
				84BFBDD628D0B71C001709F0 /* Main.storyboard in Resources */,
			);
			runOnlyForDeploymentPostprocessing = 0;
		};
/* End PBXResourcesBuildPhase section */

/* Begin PBXSourcesBuildPhase section */
		84BFBDC728D0B71C001709F0 /* Sources */ = {
			isa = PBXSourcesBuildPhase;
			buildActionMask = 2147483647;
			files = (
				84BFBDD328D0B71C001709F0 /* MainViewController.swift in Sources */,
				84BFBDCF28D0B71C001709F0 /* AppDelegate.swift in Sources */,
				84BFBDEB28D1066C001709F0 /* Datas.swift in Sources */,
				84BFBDF128D110E7001709F0 /* MediaViewController.swift in Sources */,
				84BFBDF428D11337001709F0 /* MediaTableViewCell.swift in Sources */,
				84BFBDE728D0D2A4001709F0 /* MainTableViewCell.swift in Sources */,
				84BFBDD128D0B71C001709F0 /* SceneDelegate.swift in Sources */,
				84BFBDEF28D10699001709F0 /* SermonManager.swift in Sources */,
				84BFBDED28D1067C001709F0 /* Sermons.swift in Sources */,
			);
			runOnlyForDeploymentPostprocessing = 0;
		};
/* End PBXSourcesBuildPhase section */

/* Begin PBXVariantGroup section */
		84BFBDD428D0B71C001709F0 /* Main.storyboard */ = {
			isa = PBXVariantGroup;
			children = (
				84BFBDD528D0B71C001709F0 /* Base */,
			);
			name = Main.storyboard;
			sourceTree = "<group>";
		};
		84BFBDD928D0B71E001709F0 /* LaunchScreen.storyboard */ = {
			isa = PBXVariantGroup;
			children = (
				84BFBDDA28D0B71E001709F0 /* Base */,
			);
			name = LaunchScreen.storyboard;
			sourceTree = "<group>";
		};
/* End PBXVariantGroup section */

/* Begin XCBuildConfiguration section */
		84BFBDDD28D0B71E001709F0 /* Debug */ = {
			isa = XCBuildConfiguration;
			buildSettings = {
				ALWAYS_SEARCH_USER_PATHS = NO;
				CLANG_ANALYZER_NONNULL = YES;
				CLANG_ANALYZER_NUMBER_OBJECT_CONVERSION = YES_AGGRESSIVE;
				CLANG_CXX_LANGUAGE_STANDARD = "gnu++17";
				CLANG_ENABLE_MODULES = YES;
				CLANG_ENABLE_OBJC_ARC = YES;
				CLANG_ENABLE_OBJC_WEAK = YES;
				CLANG_WARN_BLOCK_CAPTURE_AUTORELEASING = YES;
				CLANG_WARN_BOOL_CONVERSION = YES;
				CLANG_WARN_COMMA = YES;
				CLANG_WARN_CONSTANT_CONVERSION = YES;
				CLANG_WARN_DEPRECATED_OBJC_IMPLEMENTATIONS = YES;
				CLANG_WARN_DIRECT_OBJC_ISA_USAGE = YES_ERROR;
				CLANG_WARN_DOCUMENTATION_COMMENTS = YES;
				CLANG_WARN_EMPTY_BODY = YES;
				CLANG_WARN_ENUM_CONVERSION = YES;
				CLANG_WARN_INFINITE_RECURSION = YES;
				CLANG_WARN_INT_CONVERSION = YES;
				CLANG_WARN_NON_LITERAL_NULL_CONVERSION = YES;
				CLANG_WARN_OBJC_IMPLICIT_RETAIN_SELF = YES;
				CLANG_WARN_OBJC_LITERAL_CONVERSION = YES;
				CLANG_WARN_OBJC_ROOT_CLASS = YES_ERROR;
				CLANG_WARN_QUOTED_INCLUDE_IN_FRAMEWORK_HEADER = YES;
				CLANG_WARN_RANGE_LOOP_ANALYSIS = YES;
				CLANG_WARN_STRICT_PROTOTYPES = YES;
				CLANG_WARN_SUSPICIOUS_MOVE = YES;
				CLANG_WARN_UNGUARDED_AVAILABILITY = YES_AGGRESSIVE;
				CLANG_WARN_UNREACHABLE_CODE = YES;
				CLANG_WARN__DUPLICATE_METHOD_MATCH = YES;
				COPY_PHASE_STRIP = NO;
				DEBUG_INFORMATION_FORMAT = dwarf;
				ENABLE_STRICT_OBJC_MSGSEND = YES;
				ENABLE_TESTABILITY = YES;
				GCC_C_LANGUAGE_STANDARD = gnu11;
				GCC_DYNAMIC_NO_PIC = NO;
				GCC_NO_COMMON_BLOCKS = YES;
				GCC_OPTIMIZATION_LEVEL = 0;
				GCC_PREPROCESSOR_DEFINITIONS = (
					"DEBUG=1",
					"$(inherited)",
				);
				GCC_WARN_64_TO_32_BIT_CONVERSION = YES;
				GCC_WARN_ABOUT_RETURN_TYPE = YES_ERROR;
				GCC_WARN_UNDECLARED_SELECTOR = YES;
				GCC_WARN_UNINITIALIZED_AUTOS = YES_AGGRESSIVE;
				GCC_WARN_UNUSED_FUNCTION = YES;
				GCC_WARN_UNUSED_VARIABLE = YES;
				IPHONEOS_DEPLOYMENT_TARGET = 15.5;
				MTL_ENABLE_DEBUG_INFO = INCLUDE_SOURCE;
				MTL_FAST_MATH = YES;
				ONLY_ACTIVE_ARCH = YES;
				SDKROOT = iphoneos;
				SWIFT_ACTIVE_COMPILATION_CONDITIONS = DEBUG;
				SWIFT_OPTIMIZATION_LEVEL = "-Onone";
			};
			name = Debug;
		};
		84BFBDDE28D0B71E001709F0 /* Release */ = {
			isa = XCBuildConfiguration;
			buildSettings = {
				ALWAYS_SEARCH_USER_PATHS = NO;
				CLANG_ANALYZER_NONNULL = YES;
				CLANG_ANALYZER_NUMBER_OBJECT_CONVERSION = YES_AGGRESSIVE;
				CLANG_CXX_LANGUAGE_STANDARD = "gnu++17";
				CLANG_ENABLE_MODULES = YES;
				CLANG_ENABLE_OBJC_ARC = YES;
				CLANG_ENABLE_OBJC_WEAK = YES;
				CLANG_WARN_BLOCK_CAPTURE_AUTORELEASING = YES;
				CLANG_WARN_BOOL_CONVERSION = YES;
				CLANG_WARN_COMMA = YES;
				CLANG_WARN_CONSTANT_CONVERSION = YES;
				CLANG_WARN_DEPRECATED_OBJC_IMPLEMENTATIONS = YES;
				CLANG_WARN_DIRECT_OBJC_ISA_USAGE = YES_ERROR;
				CLANG_WARN_DOCUMENTATION_COMMENTS = YES;
				CLANG_WARN_EMPTY_BODY = YES;
				CLANG_WARN_ENUM_CONVERSION = YES;
				CLANG_WARN_INFINITE_RECURSION = YES;
				CLANG_WARN_INT_CONVERSION = YES;
				CLANG_WARN_NON_LITERAL_NULL_CONVERSION = YES;
				CLANG_WARN_OBJC_IMPLICIT_RETAIN_SELF = YES;
				CLANG_WARN_OBJC_LITERAL_CONVERSION = YES;
				CLANG_WARN_OBJC_ROOT_CLASS = YES_ERROR;
				CLANG_WARN_QUOTED_INCLUDE_IN_FRAMEWORK_HEADER = YES;
				CLANG_WARN_RANGE_LOOP_ANALYSIS = YES;
				CLANG_WARN_STRICT_PROTOTYPES = YES;
				CLANG_WARN_SUSPICIOUS_MOVE = YES;
				CLANG_WARN_UNGUARDED_AVAILABILITY = YES_AGGRESSIVE;
				CLANG_WARN_UNREACHABLE_CODE = YES;
				CLANG_WARN__DUPLICATE_METHOD_MATCH = YES;
				COPY_PHASE_STRIP = NO;
				DEBUG_INFORMATION_FORMAT = "dwarf-with-dsym";
				ENABLE_NS_ASSERTIONS = NO;
				ENABLE_STRICT_OBJC_MSGSEND = YES;
				GCC_C_LANGUAGE_STANDARD = gnu11;
				GCC_NO_COMMON_BLOCKS = YES;
				GCC_WARN_64_TO_32_BIT_CONVERSION = YES;
				GCC_WARN_ABOUT_RETURN_TYPE = YES_ERROR;
				GCC_WARN_UNDECLARED_SELECTOR = YES;
				GCC_WARN_UNINITIALIZED_AUTOS = YES_AGGRESSIVE;
				GCC_WARN_UNUSED_FUNCTION = YES;
				GCC_WARN_UNUSED_VARIABLE = YES;
				IPHONEOS_DEPLOYMENT_TARGET = 15.5;
				MTL_ENABLE_DEBUG_INFO = NO;
				MTL_FAST_MATH = YES;
				SDKROOT = iphoneos;
				SWIFT_COMPILATION_MODE = wholemodule;
				SWIFT_OPTIMIZATION_LEVEL = "-O";
				VALIDATE_PRODUCT = YES;
			};
			name = Release;
		};
		84BFBDE028D0B71E001709F0 /* Debug */ = {
			isa = XCBuildConfiguration;
			buildSettings = {
				ASSETCATALOG_COMPILER_APPICON_NAME = AppIcon;
				ASSETCATALOG_COMPILER_GLOBAL_ACCENT_COLOR_NAME = AccentColor;
				CODE_SIGN_STYLE = Automatic;
				CURRENT_PROJECT_VERSION = 1;
				DEVELOPMENT_TEAM = 2D8LVDKBG6;
				GENERATE_INFOPLIST_FILE = YES;
				INFOPLIST_FILE = SGBC_REMODEL/Info.plist;
				INFOPLIST_KEY_UIApplicationSupportsIndirectInputEvents = YES;
				INFOPLIST_KEY_UILaunchStoryboardName = LaunchScreen;
				INFOPLIST_KEY_UIMainStoryboardFile = Main;
				INFOPLIST_KEY_UISupportedInterfaceOrientations_iPad = "UIInterfaceOrientationPortrait UIInterfaceOrientationPortraitUpsideDown UIInterfaceOrientationLandscapeLeft UIInterfaceOrientationLandscapeRight";
				INFOPLIST_KEY_UISupportedInterfaceOrientations_iPhone = "UIInterfaceOrientationPortrait UIInterfaceOrientationLandscapeLeft UIInterfaceOrientationLandscapeRight";
				LD_RUNPATH_SEARCH_PATHS = (
					"$(inherited)",
					"@executable_path/Frameworks",
				);
				MARKETING_VERSION = 1.0;
				PRODUCT_BUNDLE_IDENTIFIER = "com.sgbc.SGBC-REMODEL";
				PRODUCT_NAME = "$(TARGET_NAME)";
				SWIFT_EMIT_LOC_STRINGS = YES;
				SWIFT_VERSION = 5.0;
				TARGETED_DEVICE_FAMILY = "1,2";
			};
			name = Debug;
		};
		84BFBDE128D0B71E001709F0 /* Release */ = {
			isa = XCBuildConfiguration;
			buildSettings = {
				ASSETCATALOG_COMPILER_APPICON_NAME = AppIcon;
				ASSETCATALOG_COMPILER_GLOBAL_ACCENT_COLOR_NAME = AccentColor;
				CODE_SIGN_STYLE = Automatic;
				CURRENT_PROJECT_VERSION = 1;
				DEVELOPMENT_TEAM = 2D8LVDKBG6;
				GENERATE_INFOPLIST_FILE = YES;
				INFOPLIST_FILE = SGBC_REMODEL/Info.plist;
				INFOPLIST_KEY_UIApplicationSupportsIndirectInputEvents = YES;
				INFOPLIST_KEY_UILaunchStoryboardName = LaunchScreen;
				INFOPLIST_KEY_UIMainStoryboardFile = Main;
				INFOPLIST_KEY_UISupportedInterfaceOrientations_iPad = "UIInterfaceOrientationPortrait UIInterfaceOrientationPortraitUpsideDown UIInterfaceOrientationLandscapeLeft UIInterfaceOrientationLandscapeRight";
				INFOPLIST_KEY_UISupportedInterfaceOrientations_iPhone = "UIInterfaceOrientationPortrait UIInterfaceOrientationLandscapeLeft UIInterfaceOrientationLandscapeRight";
				LD_RUNPATH_SEARCH_PATHS = (
					"$(inherited)",
					"@executable_path/Frameworks",
				);
				MARKETING_VERSION = 1.0;
				PRODUCT_BUNDLE_IDENTIFIER = "com.sgbc.SGBC-REMODEL";
				PRODUCT_NAME = "$(TARGET_NAME)";
				SWIFT_EMIT_LOC_STRINGS = YES;
				SWIFT_VERSION = 5.0;
				TARGETED_DEVICE_FAMILY = "1,2";
			};
			name = Release;
		};
/* End XCBuildConfiguration section */

/* Begin XCConfigurationList section */
		84BFBDC628D0B71C001709F0 /* Build configuration list for PBXProject "SGBC_REMODEL" */ = {
			isa = XCConfigurationList;
			buildConfigurations = (
				84BFBDDD28D0B71E001709F0 /* Debug */,
				84BFBDDE28D0B71E001709F0 /* Release */,
			);
			defaultConfigurationIsVisible = 0;
			defaultConfigurationName = Release;
		};
		84BFBDDF28D0B71E001709F0 /* Build configuration list for PBXNativeTarget "SGBC_REMODEL" */ = {
			isa = XCConfigurationList;
			buildConfigurations = (
				84BFBDE028D0B71E001709F0 /* Debug */,
				84BFBDE128D0B71E001709F0 /* Release */,
			);
			defaultConfigurationIsVisible = 0;
			defaultConfigurationName = Release;
		};
/* End XCConfigurationList section */
	};
	rootObject = 84BFBDC328D0B71C001709F0 /* Project object */;
}
